// !$*UTF8*$!
{
	archiveVersion = 1;
	classes = {
	};
	objectVersion = 56;
	objects = {

/* Begin PBXBuildFile section */
		DE04F1782AA99F4E002FEFAB /* AppDelegate.swift in Sources */ = {isa = PBXBuildFile; fileRef = DE04F1772AA99F4E002FEFAB /* AppDelegate.swift */; };
		DE04F17A2AA99F4E002FEFAB /* SceneDelegate.swift in Sources */ = {isa = PBXBuildFile; fileRef = DE04F1792AA99F4E002FEFAB /* SceneDelegate.swift */; };
		DE04F17C2AA99F4E002FEFAB /* ViewController.swift in Sources */ = {isa = PBXBuildFile; fileRef = DE04F17B2AA99F4E002FEFAB /* ViewController.swift */; };
		DE04F1812AA99F4F002FEFAB /* Assets.xcassets in Resources */ = {isa = PBXBuildFile; fileRef = DE04F1802AA99F4F002FEFAB /* Assets.xcassets */; };
		DE04F1842AA99F4F002FEFAB /* LaunchScreen.storyboard in Resources */ = {isa = PBXBuildFile; fileRef = DE04F1822AA99F4F002FEFAB /* LaunchScreen.storyboard */; };
		DE04F1952AA9B44F002FEFAB /* BaseViewController.swift in Sources */ = {isa = PBXBuildFile; fileRef = DE04F1942AA9B44F002FEFAB /* BaseViewController.swift */; };
		DE04F1982AA9B4AB002FEFAB /* SnapKit in Frameworks */ = {isa = PBXBuildFile; productRef = DE04F1972AA9B4AB002FEFAB /* SnapKit */; };
		DE04F19B2AA9B4B8002FEFAB /* Alamofire in Frameworks */ = {isa = PBXBuildFile; productRef = DE04F19A2AA9B4B8002FEFAB /* Alamofire */; };
		DE04F19E2AA9B557002FEFAB /* Realm in Frameworks */ = {isa = PBXBuildFile; productRef = DE04F19D2AA9B557002FEFAB /* Realm */; };
		DE04F1A02AA9B557002FEFAB /* RealmSwift in Frameworks */ = {isa = PBXBuildFile; productRef = DE04F19F2AA9B557002FEFAB /* RealmSwift */; };
		DE04F1A22AA9B637002FEFAB /* SearchViewController.swift in Sources */ = {isa = PBXBuildFile; fileRef = DE04F1A12AA9B637002FEFAB /* SearchViewController.swift */; };
		DE04F1A42AA9B716002FEFAB /* LikesViewController.swift in Sources */ = {isa = PBXBuildFile; fileRef = DE04F1A32AA9B716002FEFAB /* LikesViewController.swift */; };
		DE04F1A62AA9B8F8002FEFAB /* Color.swift in Sources */ = {isa = PBXBuildFile; fileRef = DE04F1A52AA9B8F8002FEFAB /* Color.swift */; };
		DE04F1A82AA9BBD6002FEFAB /* BaseCollectionViewCell.swift in Sources */ = {isa = PBXBuildFile; fileRef = DE04F1A72AA9BBD6002FEFAB /* BaseCollectionViewCell.swift */; };
		DE04F1AA2AA9BC83002FEFAB /* ReusableProtocol.swift in Sources */ = {isa = PBXBuildFile; fileRef = DE04F1A92AA9BC83002FEFAB /* ReusableProtocol.swift */; };
		DE04F1AC2AA9BD28002FEFAB /* ProductCollectionViewCell.swift in Sources */ = {isa = PBXBuildFile; fileRef = DE04F1AB2AA9BD28002FEFAB /* ProductCollectionViewCell.swift */; };
		DE04F1AE2AA9BDBE002FEFAB /* PhotoImageView.swift in Sources */ = {isa = PBXBuildFile; fileRef = DE04F1AD2AA9BDBE002FEFAB /* PhotoImageView.swift */; };
		DE04F1B02AA9BE5E002FEFAB /* Design.swift in Sources */ = {isa = PBXBuildFile; fileRef = DE04F1AF2AA9BE5E002FEFAB /* Design.swift */; };
		DE04F1B22AA9D95A002FEFAB /* SortButton.swift in Sources */ = {isa = PBXBuildFile; fileRef = DE04F1B12AA9D95A002FEFAB /* SortButton.swift */; };
		DE04F1B62AAA3E64002FEFAB /* RoundButton.swift in Sources */ = {isa = PBXBuildFile; fileRef = DE04F1B52AAA3E64002FEFAB /* RoundButton.swift */; };
		DE04F1BB2AAA4638002FEFAB /* UINavigationController+Extension.swift in Sources */ = {isa = PBXBuildFile; fileRef = DE04F1BA2AAA4638002FEFAB /* UINavigationController+Extension.swift */; };
		DE04F1BD2AAA58C7002FEFAB /* .gitignore in Resources */ = {isa = PBXBuildFile; fileRef = DE04F1BC2AAA58C7002FEFAB /* .gitignore */; };
		DE04F1BF2AAA58DD002FEFAB /* APIKey.swift in Sources */ = {isa = PBXBuildFile; fileRef = DE04F1BE2AAA58DD002FEFAB /* APIKey.swift */; };
		DE04F1C12AAA58EE002FEFAB /* APIService.swift in Sources */ = {isa = PBXBuildFile; fileRef = DE04F1C02AAA58EE002FEFAB /* APIService.swift */; };
		DE04F1C32AAA5C0A002FEFAB /* Shopping.swift in Sources */ = {isa = PBXBuildFile; fileRef = DE04F1C22AAA5C0A002FEFAB /* Shopping.swift */; };
		DE04F1CB2AABC274002FEFAB /* Kingfisher in Frameworks */ = {isa = PBXBuildFile; productRef = DE04F1CA2AABC274002FEFAB /* Kingfisher */; };
		DE04F1CD2AACD347002FEFAB /* Int+Extension.swift in Sources */ = {isa = PBXBuildFile; fileRef = DE04F1CC2AACD347002FEFAB /* Int+Extension.swift */; };
		DE04F1CF2AADAA23002FEFAB /* RealmModel.swift in Sources */ = {isa = PBXBuildFile; fileRef = DE04F1CE2AADAA23002FEFAB /* RealmModel.swift */; };
		DE04F1D12AADAF2C002FEFAB /* FavoriteProductRepository.swift in Sources */ = {isa = PBXBuildFile; fileRef = DE04F1D02AADAF2C002FEFAB /* FavoriteProductRepository.swift */; };
/* End PBXBuildFile section */

/* Begin PBXFileReference section */
		DE04F1742AA99F4E002FEFAB /* ShoppingSearchProject.app */ = {isa = PBXFileReference; explicitFileType = wrapper.application; includeInIndex = 0; path = ShoppingSearchProject.app; sourceTree = BUILT_PRODUCTS_DIR; };
		DE04F1772AA99F4E002FEFAB /* AppDelegate.swift */ = {isa = PBXFileReference; lastKnownFileType = sourcecode.swift; path = AppDelegate.swift; sourceTree = "<group>"; };
		DE04F1792AA99F4E002FEFAB /* SceneDelegate.swift */ = {isa = PBXFileReference; lastKnownFileType = sourcecode.swift; path = SceneDelegate.swift; sourceTree = "<group>"; };
		DE04F17B2AA99F4E002FEFAB /* ViewController.swift */ = {isa = PBXFileReference; lastKnownFileType = sourcecode.swift; path = ViewController.swift; sourceTree = "<group>"; };
		DE04F1802AA99F4F002FEFAB /* Assets.xcassets */ = {isa = PBXFileReference; lastKnownFileType = folder.assetcatalog; path = Assets.xcassets; sourceTree = "<group>"; };
		DE04F1832AA99F4F002FEFAB /* Base */ = {isa = PBXFileReference; lastKnownFileType = file.storyboard; name = Base; path = Base.lproj/LaunchScreen.storyboard; sourceTree = "<group>"; };
		DE04F1852AA99F4F002FEFAB /* Info.plist */ = {isa = PBXFileReference; lastKnownFileType = text.plist.xml; path = Info.plist; sourceTree = "<group>"; };
		DE04F1942AA9B44F002FEFAB /* BaseViewController.swift */ = {isa = PBXFileReference; lastKnownFileType = sourcecode.swift; path = BaseViewController.swift; sourceTree = "<group>"; };
		DE04F1A12AA9B637002FEFAB /* SearchViewController.swift */ = {isa = PBXFileReference; lastKnownFileType = sourcecode.swift; path = SearchViewController.swift; sourceTree = "<group>"; };
		DE04F1A32AA9B716002FEFAB /* LikesViewController.swift */ = {isa = PBXFileReference; lastKnownFileType = sourcecode.swift; path = LikesViewController.swift; sourceTree = "<group>"; };
		DE04F1A52AA9B8F8002FEFAB /* Color.swift */ = {isa = PBXFileReference; lastKnownFileType = sourcecode.swift; path = Color.swift; sourceTree = "<group>"; };
		DE04F1A72AA9BBD6002FEFAB /* BaseCollectionViewCell.swift */ = {isa = PBXFileReference; lastKnownFileType = sourcecode.swift; path = BaseCollectionViewCell.swift; sourceTree = "<group>"; };
		DE04F1A92AA9BC83002FEFAB /* ReusableProtocol.swift */ = {isa = PBXFileReference; lastKnownFileType = sourcecode.swift; path = ReusableProtocol.swift; sourceTree = "<group>"; };
		DE04F1AB2AA9BD28002FEFAB /* ProductCollectionViewCell.swift */ = {isa = PBXFileReference; lastKnownFileType = sourcecode.swift; path = ProductCollectionViewCell.swift; sourceTree = "<group>"; };
		DE04F1AD2AA9BDBE002FEFAB /* PhotoImageView.swift */ = {isa = PBXFileReference; lastKnownFileType = sourcecode.swift; path = PhotoImageView.swift; sourceTree = "<group>"; };
		DE04F1AF2AA9BE5E002FEFAB /* Design.swift */ = {isa = PBXFileReference; lastKnownFileType = sourcecode.swift; path = Design.swift; sourceTree = "<group>"; };
		DE04F1B12AA9D95A002FEFAB /* SortButton.swift */ = {isa = PBXFileReference; lastKnownFileType = sourcecode.swift; path = SortButton.swift; sourceTree = "<group>"; };
		DE04F1B52AAA3E64002FEFAB /* RoundButton.swift */ = {isa = PBXFileReference; lastKnownFileType = sourcecode.swift; path = RoundButton.swift; sourceTree = "<group>"; };
		DE04F1BA2AAA4638002FEFAB /* UINavigationController+Extension.swift */ = {isa = PBXFileReference; lastKnownFileType = sourcecode.swift; path = "UINavigationController+Extension.swift"; sourceTree = "<group>"; };
		DE04F1BC2AAA58C7002FEFAB /* .gitignore */ = {isa = PBXFileReference; lastKnownFileType = text; path = .gitignore; sourceTree = "<group>"; };
		DE04F1BE2AAA58DD002FEFAB /* APIKey.swift */ = {isa = PBXFileReference; lastKnownFileType = sourcecode.swift; path = APIKey.swift; sourceTree = "<group>"; };
		DE04F1C02AAA58EE002FEFAB /* APIService.swift */ = {isa = PBXFileReference; lastKnownFileType = sourcecode.swift; path = APIService.swift; sourceTree = "<group>"; };
		DE04F1C22AAA5C0A002FEFAB /* Shopping.swift */ = {isa = PBXFileReference; lastKnownFileType = sourcecode.swift; path = Shopping.swift; sourceTree = "<group>"; };
		DE04F1CC2AACD347002FEFAB /* Int+Extension.swift */ = {isa = PBXFileReference; lastKnownFileType = sourcecode.swift; path = "Int+Extension.swift"; sourceTree = "<group>"; };
		DE04F1CE2AADAA23002FEFAB /* RealmModel.swift */ = {isa = PBXFileReference; lastKnownFileType = sourcecode.swift; path = RealmModel.swift; sourceTree = "<group>"; };
		DE04F1D02AADAF2C002FEFAB /* FavoriteProductRepository.swift */ = {isa = PBXFileReference; lastKnownFileType = sourcecode.swift; path = FavoriteProductRepository.swift; sourceTree = "<group>"; };
/* End PBXFileReference section */

/* Begin PBXFrameworksBuildPhase section */
		DE04F1712AA99F4E002FEFAB /* Frameworks */ = {
			isa = PBXFrameworksBuildPhase;
			buildActionMask = 2147483647;
			files = (
				DE04F1A02AA9B557002FEFAB /* RealmSwift in Frameworks */,
				DE04F19E2AA9B557002FEFAB /* Realm in Frameworks */,
				DE04F1982AA9B4AB002FEFAB /* SnapKit in Frameworks */,
				DE04F19B2AA9B4B8002FEFAB /* Alamofire in Frameworks */,
				DE04F1CB2AABC274002FEFAB /* Kingfisher in Frameworks */,
			);
			runOnlyForDeploymentPostprocessing = 0;
		};
/* End PBXFrameworksBuildPhase section */

/* Begin PBXGroup section */
		DE04F16B2AA99F4E002FEFAB = {
			isa = PBXGroup;
			children = (
				DE04F1762AA99F4E002FEFAB /* ShoppingSearchProject */,
				DE04F1752AA99F4E002FEFAB /* Products */,
			);
			sourceTree = "<group>";
		};
		DE04F1752AA99F4E002FEFAB /* Products */ = {
			isa = PBXGroup;
			children = (
				DE04F1742AA99F4E002FEFAB /* ShoppingSearchProject.app */,
			);
			name = Products;
			sourceTree = "<group>";
		};
		DE04F1762AA99F4E002FEFAB /* ShoppingSearchProject */ = {
			isa = PBXGroup;
			children = (
				DE04F18B2AA9B3B0002FEFAB /* Utility */,
				DE04F1912AA9B3FC002FEFAB /* Network */,
				DE04F1902AA9B3F5002FEFAB /* Database */,
				DE04F18F2AA9B3EC002FEFAB /* Base */,
				DE04F18E2AA9B3DF002FEFAB /* View */,
				DE04F18D2AA9B3D6002FEFAB /* Cell */,
				DE04F18C2AA9B3BD002FEFAB /* Scene */,
				DE04F1932AA9B429002FEFAB /* Extension */,
				DE04F1772AA99F4E002FEFAB /* AppDelegate.swift */,
				DE04F1792AA99F4E002FEFAB /* SceneDelegate.swift */,
				DE04F17B2AA99F4E002FEFAB /* ViewController.swift */,
				DE04F1802AA99F4F002FEFAB /* Assets.xcassets */,
				DE04F1822AA99F4F002FEFAB /* LaunchScreen.storyboard */,
				DE04F1852AA99F4F002FEFAB /* Info.plist */,
				DE04F1BC2AAA58C7002FEFAB /* .gitignore */,
			);
			path = ShoppingSearchProject;
			sourceTree = "<group>";
		};
		DE04F18B2AA9B3B0002FEFAB /* Utility */ = {
			isa = PBXGroup;
			children = (
				DE04F1A52AA9B8F8002FEFAB /* Color.swift */,
				DE04F1AF2AA9BE5E002FEFAB /* Design.swift */,
			);
			path = Utility;
			sourceTree = "<group>";
		};
		DE04F18C2AA9B3BD002FEFAB /* Scene */ = {
			isa = PBXGroup;
			children = (
				DE04F1A12AA9B637002FEFAB /* SearchViewController.swift */,
				DE04F1A32AA9B716002FEFAB /* LikesViewController.swift */,
			);
			path = Scene;
			sourceTree = "<group>";
		};
		DE04F18D2AA9B3D6002FEFAB /* Cell */ = {
			isa = PBXGroup;
			children = (
				DE04F1AB2AA9BD28002FEFAB /* ProductCollectionViewCell.swift */,
			);
			path = Cell;
			sourceTree = "<group>";
		};
		DE04F18E2AA9B3DF002FEFAB /* View */ = {
			isa = PBXGroup;
			children = (
				DE04F1AD2AA9BDBE002FEFAB /* PhotoImageView.swift */,
				DE04F1B12AA9D95A002FEFAB /* SortButton.swift */,
				DE04F1B52AAA3E64002FEFAB /* RoundButton.swift */,
			);
			path = View;
			sourceTree = "<group>";
		};
		DE04F18F2AA9B3EC002FEFAB /* Base */ = {
			isa = PBXGroup;
			children = (
				DE04F1942AA9B44F002FEFAB /* BaseViewController.swift */,
				DE04F1A72AA9BBD6002FEFAB /* BaseCollectionViewCell.swift */,
				DE04F1A92AA9BC83002FEFAB /* ReusableProtocol.swift */,
			);
			path = Base;
			sourceTree = "<group>";
		};
		DE04F1902AA9B3F5002FEFAB /* Database */ = {
			isa = PBXGroup;
			children = (
				DE04F1CE2AADAA23002FEFAB /* RealmModel.swift */,
				DE04F1D02AADAF2C002FEFAB /* FavoriteProductRepository.swift */,
			);
			path = Database;
			sourceTree = "<group>";
		};
		DE04F1912AA9B3FC002FEFAB /* Network */ = {
			isa = PBXGroup;
			children = (
				DE04F1BE2AAA58DD002FEFAB /* APIKey.swift */,
				DE04F1C02AAA58EE002FEFAB /* APIService.swift */,
				DE04F1C22AAA5C0A002FEFAB /* Shopping.swift */,
			);
			path = Network;
			sourceTree = "<group>";
		};
		DE04F1932AA9B429002FEFAB /* Extension */ = {
			isa = PBXGroup;
			children = (
				DE04F1BA2AAA4638002FEFAB /* UINavigationController+Extension.swift */,
				DE04F1CC2AACD347002FEFAB /* Int+Extension.swift */,
			);
			path = Extension;
			sourceTree = "<group>";
		};
/* End PBXGroup section */

/* Begin PBXNativeTarget section */
		DE04F1732AA99F4E002FEFAB /* ShoppingSearchProject */ = {
			isa = PBXNativeTarget;
			buildConfigurationList = DE04F1882AA99F4F002FEFAB /* Build configuration list for PBXNativeTarget "ShoppingSearchProject" */;
			buildPhases = (
				DE04F1702AA99F4E002FEFAB /* Sources */,
				DE04F1712AA99F4E002FEFAB /* Frameworks */,
				DE04F1722AA99F4E002FEFAB /* Resources */,
			);
			buildRules = (
			);
			dependencies = (
			);
			name = ShoppingSearchProject;
			packageProductDependencies = (
				DE04F1972AA9B4AB002FEFAB /* SnapKit */,
				DE04F19A2AA9B4B8002FEFAB /* Alamofire */,
				DE04F19D2AA9B557002FEFAB /* Realm */,
				DE04F19F2AA9B557002FEFAB /* RealmSwift */,
				DE04F1CA2AABC274002FEFAB /* Kingfisher */,
			);
			productName = ShoppingSearchProject;
			productReference = DE04F1742AA99F4E002FEFAB /* ShoppingSearchProject.app */;
			productType = "com.apple.product-type.application";
		};
/* End PBXNativeTarget section */

/* Begin PBXProject section */
		DE04F16C2AA99F4E002FEFAB /* Project object */ = {
			isa = PBXProject;
			attributes = {
				BuildIndependentTargetsInParallel = 1;
				LastSwiftUpdateCheck = 1430;
				LastUpgradeCheck = 1430;
				TargetAttributes = {
					DE04F1732AA99F4E002FEFAB = {
						CreatedOnToolsVersion = 14.3.1;
					};
				};
			};
			buildConfigurationList = DE04F16F2AA99F4E002FEFAB /* Build configuration list for PBXProject "ShoppingSearchProject" */;
			compatibilityVersion = "Xcode 14.0";
			developmentRegion = en;
			hasScannedForEncodings = 0;
			knownRegions = (
				en,
				Base,
			);
			mainGroup = DE04F16B2AA99F4E002FEFAB;
			packageReferences = (
				DE04F1962AA9B4AB002FEFAB /* XCRemoteSwiftPackageReference "SnapKit" */,
				DE04F1992AA9B4B8002FEFAB /* XCRemoteSwiftPackageReference "Alamofire" */,
				DE04F19C2AA9B557002FEFAB /* XCRemoteSwiftPackageReference "realm-swift" */,
				DE04F1C92AABC274002FEFAB /* XCRemoteSwiftPackageReference "Kingfisher" */,
			);
			productRefGroup = DE04F1752AA99F4E002FEFAB /* Products */;
			projectDirPath = "";
			projectRoot = "";
			targets = (
				DE04F1732AA99F4E002FEFAB /* ShoppingSearchProject */,
			);
		};
/* End PBXProject section */

/* Begin PBXResourcesBuildPhase section */
		DE04F1722AA99F4E002FEFAB /* Resources */ = {
			isa = PBXResourcesBuildPhase;
			buildActionMask = 2147483647;
			files = (
				DE04F1842AA99F4F002FEFAB /* LaunchScreen.storyboard in Resources */,
				DE04F1BD2AAA58C7002FEFAB /* .gitignore in Resources */,
				DE04F1812AA99F4F002FEFAB /* Assets.xcassets in Resources */,
			);
			runOnlyForDeploymentPostprocessing = 0;
		};
/* End PBXResourcesBuildPhase section */

/* Begin PBXSourcesBuildPhase section */
		DE04F1702AA99F4E002FEFAB /* Sources */ = {
			isa = PBXSourcesBuildPhase;
			buildActionMask = 2147483647;
			files = (
				DE04F1CD2AACD347002FEFAB /* Int+Extension.swift in Sources */,
				DE04F1C12AAA58EE002FEFAB /* APIService.swift in Sources */,
				DE04F1C32AAA5C0A002FEFAB /* Shopping.swift in Sources */,
				DE04F1D12AADAF2C002FEFAB /* FavoriteProductRepository.swift in Sources */,
				DE04F1AC2AA9BD28002FEFAB /* ProductCollectionViewCell.swift in Sources */,
				DE04F1A22AA9B637002FEFAB /* SearchViewController.swift in Sources */,
				DE04F1BB2AAA4638002FEFAB /* UINavigationController+Extension.swift in Sources */,
				DE04F1B62AAA3E64002FEFAB /* RoundButton.swift in Sources */,
				DE04F1A82AA9BBD6002FEFAB /* BaseCollectionViewCell.swift in Sources */,
				DE04F17C2AA99F4E002FEFAB /* ViewController.swift in Sources */,
				DE04F1AE2AA9BDBE002FEFAB /* PhotoImageView.swift in Sources */,
				DE04F1A62AA9B8F8002FEFAB /* Color.swift in Sources */,
				DE04F1952AA9B44F002FEFAB /* BaseViewController.swift in Sources */,
				DE04F1782AA99F4E002FEFAB /* AppDelegate.swift in Sources */,
				DE04F1CF2AADAA23002FEFAB /* RealmModel.swift in Sources */,
				DE04F1BF2AAA58DD002FEFAB /* APIKey.swift in Sources */,
				DE04F17A2AA99F4E002FEFAB /* SceneDelegate.swift in Sources */,
				DE04F1B02AA9BE5E002FEFAB /* Design.swift in Sources */,
				DE04F1B22AA9D95A002FEFAB /* SortButton.swift in Sources */,
				DE04F1A42AA9B716002FEFAB /* LikesViewController.swift in Sources */,
				DE04F1AA2AA9BC83002FEFAB /* ReusableProtocol.swift in Sources */,
			);
			runOnlyForDeploymentPostprocessing = 0;
		};
/* End PBXSourcesBuildPhase section */

/* Begin PBXVariantGroup section */
		DE04F1822AA99F4F002FEFAB /* LaunchScreen.storyboard */ = {
			isa = PBXVariantGroup;
			children = (
				DE04F1832AA99F4F002FEFAB /* Base */,
			);
			name = LaunchScreen.storyboard;
			sourceTree = "<group>";
		};
/* End PBXVariantGroup section */

/* Begin XCBuildConfiguration section */
		DE04F1862AA99F4F002FEFAB /* Debug */ = {
			isa = XCBuildConfiguration;
			buildSettings = {
				ALWAYS_SEARCH_USER_PATHS = NO;
				CLANG_ANALYZER_NONNULL = YES;
				CLANG_ANALYZER_NUMBER_OBJECT_CONVERSION = YES_AGGRESSIVE;
				CLANG_CXX_LANGUAGE_STANDARD = "gnu++20";
				CLANG_ENABLE_MODULES = YES;
				CLANG_ENABLE_OBJC_ARC = YES;
				CLANG_ENABLE_OBJC_WEAK = YES;
				CLANG_WARN_BLOCK_CAPTURE_AUTORELEASING = YES;
				CLANG_WARN_BOOL_CONVERSION = YES;
				CLANG_WARN_COMMA = YES;
				CLANG_WARN_CONSTANT_CONVERSION = YES;
				CLANG_WARN_DEPRECATED_OBJC_IMPLEMENTATIONS = YES;
				CLANG_WARN_DIRECT_OBJC_ISA_USAGE = YES_ERROR;
				CLANG_WARN_DOCUMENTATION_COMMENTS = YES;
				CLANG_WARN_EMPTY_BODY = YES;
				CLANG_WARN_ENUM_CONVERSION = YES;
				CLANG_WARN_INFINITE_RECURSION = YES;
				CLANG_WARN_INT_CONVERSION = YES;
				CLANG_WARN_NON_LITERAL_NULL_CONVERSION = YES;
				CLANG_WARN_OBJC_IMPLICIT_RETAIN_SELF = YES;
				CLANG_WARN_OBJC_LITERAL_CONVERSION = YES;
				CLANG_WARN_OBJC_ROOT_CLASS = YES_ERROR;
				CLANG_WARN_QUOTED_INCLUDE_IN_FRAMEWORK_HEADER = YES;
				CLANG_WARN_RANGE_LOOP_ANALYSIS = YES;
				CLANG_WARN_STRICT_PROTOTYPES = YES;
				CLANG_WARN_SUSPICIOUS_MOVE = YES;
				CLANG_WARN_UNGUARDED_AVAILABILITY = YES_AGGRESSIVE;
				CLANG_WARN_UNREACHABLE_CODE = YES;
				CLANG_WARN__DUPLICATE_METHOD_MATCH = YES;
				COPY_PHASE_STRIP = NO;
				DEBUG_INFORMATION_FORMAT = dwarf;
				ENABLE_STRICT_OBJC_MSGSEND = YES;
				ENABLE_TESTABILITY = YES;
				GCC_C_LANGUAGE_STANDARD = gnu11;
				GCC_DYNAMIC_NO_PIC = NO;
				GCC_NO_COMMON_BLOCKS = YES;
				GCC_OPTIMIZATION_LEVEL = 0;
				GCC_PREPROCESSOR_DEFINITIONS = (
					"DEBUG=1",
					"$(inherited)",
				);
				GCC_WARN_64_TO_32_BIT_CONVERSION = YES;
				GCC_WARN_ABOUT_RETURN_TYPE = YES_ERROR;
				GCC_WARN_UNDECLARED_SELECTOR = YES;
				GCC_WARN_UNINITIALIZED_AUTOS = YES_AGGRESSIVE;
				GCC_WARN_UNUSED_FUNCTION = YES;
				GCC_WARN_UNUSED_VARIABLE = YES;
				IPHONEOS_DEPLOYMENT_TARGET = 16.4;
				MTL_ENABLE_DEBUG_INFO = INCLUDE_SOURCE;
				MTL_FAST_MATH = YES;
				ONLY_ACTIVE_ARCH = YES;
				SDKROOT = iphoneos;
				SWIFT_ACTIVE_COMPILATION_CONDITIONS = DEBUG;
				SWIFT_OPTIMIZATION_LEVEL = "-Onone";
			};
			name = Debug;
		};
		DE04F1872AA99F4F002FEFAB /* Release */ = {
			isa = XCBuildConfiguration;
			buildSettings = {
				ALWAYS_SEARCH_USER_PATHS = NO;
				CLANG_ANALYZER_NONNULL = YES;
				CLANG_ANALYZER_NUMBER_OBJECT_CONVERSION = YES_AGGRESSIVE;
				CLANG_CXX_LANGUAGE_STANDARD = "gnu++20";
				CLANG_ENABLE_MODULES = YES;
				CLANG_ENABLE_OBJC_ARC = YES;
				CLANG_ENABLE_OBJC_WEAK = YES;
				CLANG_WARN_BLOCK_CAPTURE_AUTORELEASING = YES;
				CLANG_WARN_BOOL_CONVERSION = YES;
				CLANG_WARN_COMMA = YES;
				CLANG_WARN_CONSTANT_CONVERSION = YES;
				CLANG_WARN_DEPRECATED_OBJC_IMPLEMENTATIONS = YES;
				CLANG_WARN_DIRECT_OBJC_ISA_USAGE = YES_ERROR;
				CLANG_WARN_DOCUMENTATION_COMMENTS = YES;
				CLANG_WARN_EMPTY_BODY = YES;
				CLANG_WARN_ENUM_CONVERSION = YES;
				CLANG_WARN_INFINITE_RECURSION = YES;
				CLANG_WARN_INT_CONVERSION = YES;
				CLANG_WARN_NON_LITERAL_NULL_CONVERSION = YES;
				CLANG_WARN_OBJC_IMPLICIT_RETAIN_SELF = YES;
				CLANG_WARN_OBJC_LITERAL_CONVERSION = YES;
				CLANG_WARN_OBJC_ROOT_CLASS = YES_ERROR;
				CLANG_WARN_QUOTED_INCLUDE_IN_FRAMEWORK_HEADER = YES;
				CLANG_WARN_RANGE_LOOP_ANALYSIS = YES;
				CLANG_WARN_STRICT_PROTOTYPES = YES;
				CLANG_WARN_SUSPICIOUS_MOVE = YES;
				CLANG_WARN_UNGUARDED_AVAILABILITY = YES_AGGRESSIVE;
				CLANG_WARN_UNREACHABLE_CODE = YES;
				CLANG_WARN__DUPLICATE_METHOD_MATCH = YES;
				COPY_PHASE_STRIP = NO;
				DEBUG_INFORMATION_FORMAT = "dwarf-with-dsym";
				ENABLE_NS_ASSERTIONS = NO;
				ENABLE_STRICT_OBJC_MSGSEND = YES;
				GCC_C_LANGUAGE_STANDARD = gnu11;
				GCC_NO_COMMON_BLOCKS = YES;
				GCC_WARN_64_TO_32_BIT_CONVERSION = YES;
				GCC_WARN_ABOUT_RETURN_TYPE = YES_ERROR;
				GCC_WARN_UNDECLARED_SELECTOR = YES;
				GCC_WARN_UNINITIALIZED_AUTOS = YES_AGGRESSIVE;
				GCC_WARN_UNUSED_FUNCTION = YES;
				GCC_WARN_UNUSED_VARIABLE = YES;
				IPHONEOS_DEPLOYMENT_TARGET = 16.4;
				MTL_ENABLE_DEBUG_INFO = NO;
				MTL_FAST_MATH = YES;
				SDKROOT = iphoneos;
				SWIFT_COMPILATION_MODE = wholemodule;
				SWIFT_OPTIMIZATION_LEVEL = "-O";
				VALIDATE_PRODUCT = YES;
			};
			name = Release;
		};
		DE04F1892AA99F4F002FEFAB /* Debug */ = {
			isa = XCBuildConfiguration;
			buildSettings = {
				ASSETCATALOG_COMPILER_APPICON_NAME = AppIcon;
				ASSETCATALOG_COMPILER_GLOBAL_ACCENT_COLOR_NAME = AccentColor;
				CODE_SIGN_STYLE = Automatic;
				CURRENT_PROJECT_VERSION = 1;
				DEVELOPMENT_TEAM = 94879TT8BU;
				GENERATE_INFOPLIST_FILE = YES;
				INFOPLIST_FILE = ShoppingSearchProject/Info.plist;
				INFOPLIST_KEY_UIApplicationSupportsIndirectInputEvents = YES;
				INFOPLIST_KEY_UILaunchStoryboardName = LaunchScreen;
				INFOPLIST_KEY_UISupportedInterfaceOrientations = UIInterfaceOrientationPortrait;
				INFOPLIST_KEY_UISupportedInterfaceOrientations_iPad = "UIInterfaceOrientationLandscapeLeft UIInterfaceOrientationLandscapeRight UIInterfaceOrientationPortrait UIInterfaceOrientationPortraitUpsideDown";
				IPHONEOS_DEPLOYMENT_TARGET = 13.0;
				LD_RUNPATH_SEARCH_PATHS = (
					"$(inherited)",
					"@executable_path/Frameworks",
				);
				MARKETING_VERSION = 1.0;
				PRODUCT_BUNDLE_IDENTIFIER = com.sesac.ShoppingSearchProject;
				PRODUCT_NAME = "$(TARGET_NAME)";
				SUPPORTED_PLATFORMS = "iphoneos iphonesimulator";
				SUPPORTS_MACCATALYST = NO;
				SUPPORTS_MAC_DESIGNED_FOR_IPHONE_IPAD = NO;
				SWIFT_EMIT_LOC_STRINGS = YES;
				SWIFT_VERSION = 5.0;
				TARGETED_DEVICE_FAMILY = "1,2";
			};
			name = Debug;
		};
		DE04F18A2AA99F4F002FEFAB /* Release */ = {
			isa = XCBuildConfiguration;
			buildSettings = {
				ASSETCATALOG_COMPILER_APPICON_NAME = AppIcon;
				ASSETCATALOG_COMPILER_GLOBAL_ACCENT_COLOR_NAME = AccentColor;
				CODE_SIGN_STYLE = Automatic;
				CURRENT_PROJECT_VERSION = 1;
				DEVELOPMENT_TEAM = 94879TT8BU;
				GENERATE_INFOPLIST_FILE = YES;
				INFOPLIST_FILE = ShoppingSearchProject/Info.plist;
				INFOPLIST_KEY_UIApplicationSupportsIndirectInputEvents = YES;
				INFOPLIST_KEY_UILaunchStoryboardName = LaunchScreen;
				INFOPLIST_KEY_UISupportedInterfaceOrientations = UIInterfaceOrientationPortrait;
				INFOPLIST_KEY_UISupportedInterfaceOrientations_iPad = "UIInterfaceOrientationLandscapeLeft UIInterfaceOrientationLandscapeRight UIInterfaceOrientationPortrait UIInterfaceOrientationPortraitUpsideDown";
				IPHONEOS_DEPLOYMENT_TARGET = 13.0;
				LD_RUNPATH_SEARCH_PATHS = (
					"$(inherited)",
					"@executable_path/Frameworks",
				);
				MARKETING_VERSION = 1.0;
				PRODUCT_BUNDLE_IDENTIFIER = com.sesac.ShoppingSearchProject;
				PRODUCT_NAME = "$(TARGET_NAME)";
				SUPPORTED_PLATFORMS = "iphoneos iphonesimulator";
				SUPPORTS_MACCATALYST = NO;
				SUPPORTS_MAC_DESIGNED_FOR_IPHONE_IPAD = NO;
				SWIFT_EMIT_LOC_STRINGS = YES;
				SWIFT_VERSION = 5.0;
				TARGETED_DEVICE_FAMILY = "1,2";
			};
			name = Release;
		};
/* End XCBuildConfiguration section */

/* Begin XCConfigurationList section */
		DE04F16F2AA99F4E002FEFAB /* Build configuration list for PBXProject "ShoppingSearchProject" */ = {
			isa = XCConfigurationList;
			buildConfigurations = (
				DE04F1862AA99F4F002FEFAB /* Debug */,
				DE04F1872AA99F4F002FEFAB /* Release */,
			);
			defaultConfigurationIsVisible = 0;
			defaultConfigurationName = Release;
		};
		DE04F1882AA99F4F002FEFAB /* Build configuration list for PBXNativeTarget "ShoppingSearchProject" */ = {
			isa = XCConfigurationList;
			buildConfigurations = (
				DE04F1892AA99F4F002FEFAB /* Debug */,
				DE04F18A2AA99F4F002FEFAB /* Release */,
			);
			defaultConfigurationIsVisible = 0;
			defaultConfigurationName = Release;
		};
/* End XCConfigurationList section */

/* Begin XCRemoteSwiftPackageReference section */
		DE04F1962AA9B4AB002FEFAB /* XCRemoteSwiftPackageReference "SnapKit" */ = {
			isa = XCRemoteSwiftPackageReference;
			repositoryURL = "https://github.com/SnapKit/SnapKit.git";
			requirement = {
				kind = upToNextMajorVersion;
				minimumVersion = 5.0.0;
			};
		};
		DE04F1992AA9B4B8002FEFAB /* XCRemoteSwiftPackageReference "Alamofire" */ = {
			isa = XCRemoteSwiftPackageReference;
			repositoryURL = "https://github.com/Alamofire/Alamofire.git";
			requirement = {
				kind = upToNextMajorVersion;
				minimumVersion = 5.0.0;
			};
		};
		DE04F19C2AA9B557002FEFAB /* XCRemoteSwiftPackageReference "realm-swift" */ = {
			isa = XCRemoteSwiftPackageReference;
			repositoryURL = "https://github.com/realm/realm-swift.git";
			requirement = {
				kind = upToNextMajorVersion;
				minimumVersion = 10.42.0;
			};
		};
		DE04F1C92AABC274002FEFAB /* XCRemoteSwiftPackageReference "Kingfisher" */ = {
			isa = XCRemoteSwiftPackageReference;
			repositoryURL = "https://github.com/onevcat/Kingfisher.git";
			requirement = {
				kind = upToNextMajorVersion;
				minimumVersion = 7.0.0;
			};
		};
/* End XCRemoteSwiftPackageReference section */

/* Begin XCSwiftPackageProductDependency section */
		DE04F1972AA9B4AB002FEFAB /* SnapKit */ = {
			isa = XCSwiftPackageProductDependency;
			package = DE04F1962AA9B4AB002FEFAB /* XCRemoteSwiftPackageReference "SnapKit" */;
			productName = SnapKit;
		};
		DE04F19A2AA9B4B8002FEFAB /* Alamofire */ = {
			isa = XCSwiftPackageProductDependency;
			package = DE04F1992AA9B4B8002FEFAB /* XCRemoteSwiftPackageReference "Alamofire" */;
			productName = Alamofire;
		};
		DE04F19D2AA9B557002FEFAB /* Realm */ = {
			isa = XCSwiftPackageProductDependency;
			package = DE04F19C2AA9B557002FEFAB /* XCRemoteSwiftPackageReference "realm-swift" */;
			productName = Realm;
		};
		DE04F19F2AA9B557002FEFAB /* RealmSwift */ = {
			isa = XCSwiftPackageProductDependency;
			package = DE04F19C2AA9B557002FEFAB /* XCRemoteSwiftPackageReference "realm-swift" */;
			productName = RealmSwift;
		};
		DE04F1CA2AABC274002FEFAB /* Kingfisher */ = {
			isa = XCSwiftPackageProductDependency;
			package = DE04F1C92AABC274002FEFAB /* XCRemoteSwiftPackageReference "Kingfisher" */;
			productName = Kingfisher;
		};
/* End XCSwiftPackageProductDependency section */
	};
	rootObject = DE04F16C2AA99F4E002FEFAB /* Project object */;
}
